// !$*UTF8*$!
{
	archiveVersion = 1;
	classes = {
	};
	objectVersion = 56;
	objects = {

/* Begin PBXBuildFile section */
		9880C59B297BD68A00CD5404 /* AppDelegate.swift in Sources */ = {isa = PBXBuildFile; fileRef = 9880C59A297BD68A00CD5404 /* AppDelegate.swift */; };
		9880C59D297BD68A00CD5404 /* SceneDelegate.swift in Sources */ = {isa = PBXBuildFile; fileRef = 9880C59C297BD68A00CD5404 /* SceneDelegate.swift */; };
		9880C59F297BD68A00CD5404 /* MainTabBarViewController.swift in Sources */ = {isa = PBXBuildFile; fileRef = 9880C59E297BD68A00CD5404 /* MainTabBarViewController.swift */; };
		9880C5A4297BD68B00CD5404 /* Assets.xcassets in Resources */ = {isa = PBXBuildFile; fileRef = 9880C5A3297BD68B00CD5404 /* Assets.xcassets */; };
		9880C5A7297BD68B00CD5404 /* LaunchScreen.storyboard in Resources */ = {isa = PBXBuildFile; fileRef = 9880C5A5297BD68B00CD5404 /* LaunchScreen.storyboard */; };
		9880C5B0297BD8EC00CD5404 /* MovieViewController.swift in Sources */ = {isa = PBXBuildFile; fileRef = 9880C5AF297BD8EC00CD5404 /* MovieViewController.swift */; };
		9880C5B2297BD92200CD5404 /* UpcomingViewController.swift in Sources */ = {isa = PBXBuildFile; fileRef = 9880C5B1297BD92200CD5404 /* UpcomingViewController.swift */; };
		9880C5B4297BD95900CD5404 /* SearchViewController.swift in Sources */ = {isa = PBXBuildFile; fileRef = 9880C5B3297BD95900CD5404 /* SearchViewController.swift */; };
		9880C5B6297BD98000CD5404 /* DownloadsViewController.swift in Sources */ = {isa = PBXBuildFile; fileRef = 9880C5B5297BD98000CD5404 /* DownloadsViewController.swift */; };
		9880C5BD297CD49800CD5404 /* CollectionViewTableViewCell.swift in Sources */ = {isa = PBXBuildFile; fileRef = 9880C5BC297CD49800CD5404 /* CollectionViewTableViewCell.swift */; };
		9880C5BF297D0C4A00CD5404 /* HeroHeaderUIView.swift in Sources */ = {isa = PBXBuildFile; fileRef = 9880C5BE297D0C4A00CD5404 /* HeroHeaderUIView.swift */; };
		9880C5C3297D486D00CD5404 /* Title.swift in Sources */ = {isa = PBXBuildFile; fileRef = 9880C5C2297D486D00CD5404 /* Title.swift */; };
		9880C5C5297D592500CD5404 /* Extensions.swift in Sources */ = {isa = PBXBuildFile; fileRef = 9880C5C4297D592500CD5404 /* Extensions.swift */; };
		9880C5C9297D806A00CD5404 /* TitleCollectionViewCell.swift in Sources */ = {isa = PBXBuildFile; fileRef = 9880C5C8297D806A00CD5404 /* TitleCollectionViewCell.swift */; };
		9880C5CC297D81B900CD5404 /* SDWebImage in Frameworks */ = {isa = PBXBuildFile; productRef = 9880C5CB297D81B900CD5404 /* SDWebImage */; };
		9880C5CE297D81B900CD5404 /* SDWebImageMapKit in Frameworks */ = {isa = PBXBuildFile; productRef = 9880C5CD297D81B900CD5404 /* SDWebImageMapKit */; };
		9880C5E8297E326C00CD5404 /* RxBlocking in Frameworks */ = {isa = PBXBuildFile; productRef = 9880C5E7297E326C00CD5404 /* RxBlocking */; };
		9880C5EA297E326C00CD5404 /* RxCocoa in Frameworks */ = {isa = PBXBuildFile; productRef = 9880C5E9297E326C00CD5404 /* RxCocoa */; };
		9880C5EC297E326C00CD5404 /* RxRelay in Frameworks */ = {isa = PBXBuildFile; productRef = 9880C5EB297E326C00CD5404 /* RxRelay */; };
		9880C5EE297E326C00CD5404 /* RxSwift in Frameworks */ = {isa = PBXBuildFile; productRef = 9880C5ED297E326C00CD5404 /* RxSwift */; };
		9880C5F1297E329900CD5404 /* Differentiator in Frameworks */ = {isa = PBXBuildFile; productRef = 9880C5F0297E329900CD5404 /* Differentiator */; };
		9880C5F3297E329900CD5404 /* RxDataSources in Frameworks */ = {isa = PBXBuildFile; productRef = 9880C5F2297E329900CD5404 /* RxDataSources */; };
		9880C5F6297E32D700CD5404 /* Action in Frameworks */ = {isa = PBXBuildFile; productRef = 9880C5F5297E32D700CD5404 /* Action */; };
		9880C5F9297E332E00CD5404 /* NSObject-Rx in Frameworks */ = {isa = PBXBuildFile; productRef = 9880C5F8297E332E00CD5404 /* NSObject-Rx */; };
		9880C5FC297E350500CD5404 /* TrendingMovieService.swift in Sources */ = {isa = PBXBuildFile; fileRef = 9880C5FB297E350500CD5404 /* TrendingMovieService.swift */; };
		9880C5FE297E354900CD5404 /* TrendingMovieServiceType.swift in Sources */ = {isa = PBXBuildFile; fileRef = 9880C5FD297E354900CD5404 /* TrendingMovieServiceType.swift */; };
		9880C600297E368200CD5404 /* BindableType.swift in Sources */ = {isa = PBXBuildFile; fileRef = 9880C5FF297E368200CD5404 /* BindableType.swift */; };
		9880C602297ED4A100CD5404 /* MovieViewModel.swift in Sources */ = {isa = PBXBuildFile; fileRef = 9880C601297ED4A100CD5404 /* MovieViewModel.swift */; };
		9880C616297FE31900CD5404 /* Scene.swift in Sources */ = {isa = PBXBuildFile; fileRef = 9880C615297FE31900CD5404 /* Scene.swift */; };
		9880C618297FE90100CD5404 /* SceneCoordinatorType.swift in Sources */ = {isa = PBXBuildFile; fileRef = 9880C617297FE90100CD5404 /* SceneCoordinatorType.swift */; };
		9880C61A297FE99100CD5404 /* SceneTransitionType.swift in Sources */ = {isa = PBXBuildFile; fileRef = 9880C619297FE99100CD5404 /* SceneTransitionType.swift */; };
		9880C61C297FEA9400CD5404 /* SceneCoordinator.swift in Sources */ = {isa = PBXBuildFile; fileRef = 9880C61B297FEA9400CD5404 /* SceneCoordinator.swift */; };
		9880C6202981138A00CD5404 /* MovieTableViewrHeaderView.swift in Sources */ = {isa = PBXBuildFile; fileRef = 9880C61F2981138A00CD5404 /* MovieTableViewrHeaderView.swift */; };
/* End PBXBuildFile section */

/* Begin PBXFileReference section */
		9880C597297BD68A00CD5404 /* Netflix Clone.app */ = {isa = PBXFileReference; explicitFileType = wrapper.application; includeInIndex = 0; path = "Netflix Clone.app"; sourceTree = BUILT_PRODUCTS_DIR; };
		9880C59A297BD68A00CD5404 /* AppDelegate.swift */ = {isa = PBXFileReference; lastKnownFileType = sourcecode.swift; path = AppDelegate.swift; sourceTree = "<group>"; };
		9880C59C297BD68A00CD5404 /* SceneDelegate.swift */ = {isa = PBXFileReference; lastKnownFileType = sourcecode.swift; path = SceneDelegate.swift; sourceTree = "<group>"; };
		9880C59E297BD68A00CD5404 /* MainTabBarViewController.swift */ = {isa = PBXFileReference; lastKnownFileType = sourcecode.swift; path = MainTabBarViewController.swift; sourceTree = "<group>"; };
		9880C5A3297BD68B00CD5404 /* Assets.xcassets */ = {isa = PBXFileReference; lastKnownFileType = folder.assetcatalog; path = Assets.xcassets; sourceTree = "<group>"; };
		9880C5A6297BD68B00CD5404 /* Base */ = {isa = PBXFileReference; lastKnownFileType = file.storyboard; name = Base; path = Base.lproj/LaunchScreen.storyboard; sourceTree = "<group>"; };
		9880C5A8297BD68B00CD5404 /* Info.plist */ = {isa = PBXFileReference; lastKnownFileType = text.plist.xml; path = Info.plist; sourceTree = "<group>"; };
		9880C5AF297BD8EC00CD5404 /* MovieViewController.swift */ = {isa = PBXFileReference; lastKnownFileType = sourcecode.swift; path = MovieViewController.swift; sourceTree = "<group>"; };
		9880C5B1297BD92200CD5404 /* UpcomingViewController.swift */ = {isa = PBXFileReference; lastKnownFileType = sourcecode.swift; path = UpcomingViewController.swift; sourceTree = "<group>"; };
		9880C5B3297BD95900CD5404 /* SearchViewController.swift */ = {isa = PBXFileReference; lastKnownFileType = sourcecode.swift; path = SearchViewController.swift; sourceTree = "<group>"; };
		9880C5B5297BD98000CD5404 /* DownloadsViewController.swift */ = {isa = PBXFileReference; lastKnownFileType = sourcecode.swift; path = DownloadsViewController.swift; sourceTree = "<group>"; };
		9880C5BC297CD49800CD5404 /* CollectionViewTableViewCell.swift */ = {isa = PBXFileReference; lastKnownFileType = sourcecode.swift; path = CollectionViewTableViewCell.swift; sourceTree = "<group>"; };
		9880C5BE297D0C4A00CD5404 /* HeroHeaderUIView.swift */ = {isa = PBXFileReference; lastKnownFileType = sourcecode.swift; path = HeroHeaderUIView.swift; sourceTree = "<group>"; };
		9880C5C2297D486D00CD5404 /* Title.swift */ = {isa = PBXFileReference; lastKnownFileType = sourcecode.swift; path = Title.swift; sourceTree = "<group>"; };
		9880C5C4297D592500CD5404 /* Extensions.swift */ = {isa = PBXFileReference; lastKnownFileType = sourcecode.swift; path = Extensions.swift; sourceTree = "<group>"; };
		9880C5C8297D806A00CD5404 /* TitleCollectionViewCell.swift */ = {isa = PBXFileReference; lastKnownFileType = sourcecode.swift; path = TitleCollectionViewCell.swift; sourceTree = "<group>"; };
		9880C5FB297E350500CD5404 /* TrendingMovieService.swift */ = {isa = PBXFileReference; lastKnownFileType = sourcecode.swift; path = TrendingMovieService.swift; sourceTree = "<group>"; };
		9880C5FD297E354900CD5404 /* TrendingMovieServiceType.swift */ = {isa = PBXFileReference; lastKnownFileType = sourcecode.swift; path = TrendingMovieServiceType.swift; sourceTree = "<group>"; };
		9880C5FF297E368200CD5404 /* BindableType.swift */ = {isa = PBXFileReference; lastKnownFileType = sourcecode.swift; path = BindableType.swift; sourceTree = "<group>"; };
		9880C601297ED4A100CD5404 /* MovieViewModel.swift */ = {isa = PBXFileReference; lastKnownFileType = sourcecode.swift; path = MovieViewModel.swift; sourceTree = "<group>"; };
		9880C615297FE31900CD5404 /* Scene.swift */ = {isa = PBXFileReference; lastKnownFileType = sourcecode.swift; path = Scene.swift; sourceTree = "<group>"; };
		9880C617297FE90100CD5404 /* SceneCoordinatorType.swift */ = {isa = PBXFileReference; lastKnownFileType = sourcecode.swift; path = SceneCoordinatorType.swift; sourceTree = "<group>"; };
		9880C619297FE99100CD5404 /* SceneTransitionType.swift */ = {isa = PBXFileReference; lastKnownFileType = sourcecode.swift; path = SceneTransitionType.swift; sourceTree = "<group>"; };
		9880C61B297FEA9400CD5404 /* SceneCoordinator.swift */ = {isa = PBXFileReference; lastKnownFileType = sourcecode.swift; path = SceneCoordinator.swift; sourceTree = "<group>"; };
		9880C61F2981138A00CD5404 /* MovieTableViewrHeaderView.swift */ = {isa = PBXFileReference; lastKnownFileType = sourcecode.swift; path = MovieTableViewrHeaderView.swift; sourceTree = "<group>"; };
/* End PBXFileReference section */

/* Begin PBXFrameworksBuildPhase section */
		9880C594297BD68A00CD5404 /* Frameworks */ = {
			isa = PBXFrameworksBuildPhase;
			buildActionMask = 2147483647;
			files = (
				9880C5F1297E329900CD5404 /* Differentiator in Frameworks */,
				9880C5EE297E326C00CD5404 /* RxSwift in Frameworks */,
				9880C5F6297E32D700CD5404 /* Action in Frameworks */,
				9880C5EC297E326C00CD5404 /* RxRelay in Frameworks */,
				9880C5F9297E332E00CD5404 /* NSObject-Rx in Frameworks */,
				9880C5CE297D81B900CD5404 /* SDWebImageMapKit in Frameworks */,
				9880C5E8297E326C00CD5404 /* RxBlocking in Frameworks */,
				9880C5F3297E329900CD5404 /* RxDataSources in Frameworks */,
				9880C5EA297E326C00CD5404 /* RxCocoa in Frameworks */,
				9880C5CC297D81B900CD5404 /* SDWebImage in Frameworks */,
			);
			runOnlyForDeploymentPostprocessing = 0;
		};
/* End PBXFrameworksBuildPhase section */

/* Begin PBXGroup section */
		9880C58E297BD68A00CD5404 = {
			isa = PBXGroup;
			children = (
				9880C599297BD68A00CD5404 /* Netflix Clone */,
				9880C598297BD68A00CD5404 /* Products */,
			);
			sourceTree = "<group>";
		};
		9880C598297BD68A00CD5404 /* Products */ = {
			isa = PBXGroup;
			children = (
				9880C597297BD68A00CD5404 /* Netflix Clone.app */,
			);
			name = Products;
			sourceTree = "<group>";
		};
		9880C599297BD68A00CD5404 /* Netflix Clone */ = {
			isa = PBXGroup;
			children = (
				9880C614297FE30D00CD5404 /* Scenes */,
				9880C5FA297E335800CD5404 /* Services */,
				9880C5BA297CD41700CD5404 /* Resources */,
				9880C5B9297C206200CD5404 /* Models */,
				9880C5B7297C205100CD5404 /* Views */,
				9880C5AE297BD8BA00CD5404 /* Controlllers */,
				9880C5B8297C205900CD5404 /* ViewModels */,
				9880C59A297BD68A00CD5404 /* AppDelegate.swift */,
				9880C59C297BD68A00CD5404 /* SceneDelegate.swift */,
				9880C59E297BD68A00CD5404 /* MainTabBarViewController.swift */,
				9880C5A3297BD68B00CD5404 /* Assets.xcassets */,
				9880C5A5297BD68B00CD5404 /* LaunchScreen.storyboard */,
				9880C5A8297BD68B00CD5404 /* Info.plist */,
			);
			path = "Netflix Clone";
			sourceTree = "<group>";
		};
		9880C5AE297BD8BA00CD5404 /* Controlllers */ = {
			isa = PBXGroup;
			children = (
				9880C5AF297BD8EC00CD5404 /* MovieViewController.swift */,
				9880C5B1297BD92200CD5404 /* UpcomingViewController.swift */,
				9880C5B3297BD95900CD5404 /* SearchViewController.swift */,
				9880C5B5297BD98000CD5404 /* DownloadsViewController.swift */,
			);
			path = Controlllers;
			sourceTree = "<group>";
		};
		9880C5B7297C205100CD5404 /* Views */ = {
			isa = PBXGroup;
			children = (
				9880C5BC297CD49800CD5404 /* CollectionViewTableViewCell.swift */,
				9880C5BE297D0C4A00CD5404 /* HeroHeaderUIView.swift */,
				9880C5C8297D806A00CD5404 /* TitleCollectionViewCell.swift */,
				9880C61F2981138A00CD5404 /* MovieTableViewrHeaderView.swift */,
			);
			path = Views;
			sourceTree = "<group>";
		};
		9880C5B8297C205900CD5404 /* ViewModels */ = {
			isa = PBXGroup;
			children = (
				9880C601297ED4A100CD5404 /* MovieViewModel.swift */,
			);
			path = ViewModels;
			sourceTree = "<group>";
		};
		9880C5B9297C206200CD5404 /* Models */ = {
			isa = PBXGroup;
			children = (
				9880C5C2297D486D00CD5404 /* Title.swift */,
				9880C5FF297E368200CD5404 /* BindableType.swift */,
			);
			path = Models;
			sourceTree = "<group>";
		};
		9880C5BA297CD41700CD5404 /* Resources */ = {
			isa = PBXGroup;
			children = (
				9880C5C4297D592500CD5404 /* Extensions.swift */,
			);
			path = Resources;
			sourceTree = "<group>";
		};
		9880C5FA297E335800CD5404 /* Services */ = {
			isa = PBXGroup;
			children = (
				9880C5FB297E350500CD5404 /* TrendingMovieService.swift */,
				9880C5FD297E354900CD5404 /* TrendingMovieServiceType.swift */,
			);
			path = Services;
			sourceTree = "<group>";
		};
		9880C614297FE30D00CD5404 /* Scenes */ = {
			isa = PBXGroup;
			children = (
				9880C615297FE31900CD5404 /* Scene.swift */,
				9880C617297FE90100CD5404 /* SceneCoordinatorType.swift */,
				9880C619297FE99100CD5404 /* SceneTransitionType.swift */,
				9880C61B297FEA9400CD5404 /* SceneCoordinator.swift */,
			);
			path = Scenes;
			sourceTree = "<group>";
		};
/* End PBXGroup section */

/* Begin PBXNativeTarget section */
		9880C596297BD68A00CD5404 /* Netflix Clone */ = {
			isa = PBXNativeTarget;
			buildConfigurationList = 9880C5AB297BD68B00CD5404 /* Build configuration list for PBXNativeTarget "Netflix Clone" */;
			buildPhases = (
				9880C593297BD68A00CD5404 /* Sources */,
				9880C594297BD68A00CD5404 /* Frameworks */,
				9880C595297BD68A00CD5404 /* Resources */,
			);
			buildRules = (
			);
			dependencies = (
			);
			name = "Netflix Clone";
			packageProductDependencies = (
				9880C5CB297D81B900CD5404 /* SDWebImage */,
				9880C5CD297D81B900CD5404 /* SDWebImageMapKit */,
				9880C5E7297E326C00CD5404 /* RxBlocking */,
				9880C5E9297E326C00CD5404 /* RxCocoa */,
				9880C5EB297E326C00CD5404 /* RxRelay */,
				9880C5ED297E326C00CD5404 /* RxSwift */,
				9880C5F0297E329900CD5404 /* Differentiator */,
				9880C5F2297E329900CD5404 /* RxDataSources */,
				9880C5F5297E32D700CD5404 /* Action */,
				9880C5F8297E332E00CD5404 /* NSObject-Rx */,
			);
			productName = "Netflix Clone";
			productReference = 9880C597297BD68A00CD5404 /* Netflix Clone.app */;
			productType = "com.apple.product-type.application";
		};
/* End PBXNativeTarget section */

/* Begin PBXProject section */
		9880C58F297BD68A00CD5404 /* Project object */ = {
			isa = PBXProject;
			attributes = {
				BuildIndependentTargetsInParallel = 1;
				LastSwiftUpdateCheck = 1410;
				LastUpgradeCheck = 1410;
				ORGANIZATIONNAME = ChenZhen;
				TargetAttributes = {
					9880C596297BD68A00CD5404 = {
						CreatedOnToolsVersion = 14.1;
					};
				};
			};
			buildConfigurationList = 9880C592297BD68A00CD5404 /* Build configuration list for PBXProject "Netflix Clone" */;
			compatibilityVersion = "Xcode 14.0";
			developmentRegion = en;
			hasScannedForEncodings = 0;
			knownRegions = (
				en,
				Base,
			);
			mainGroup = 9880C58E297BD68A00CD5404;
			packageReferences = (
				9880C5CA297D81B900CD5404 /* XCRemoteSwiftPackageReference "SDWebImage" */,
				9880C5E6297E326C00CD5404 /* XCRemoteSwiftPackageReference "RxSwift" */,
				9880C5EF297E329900CD5404 /* XCRemoteSwiftPackageReference "RxDataSources" */,
				9880C5F4297E32D700CD5404 /* XCRemoteSwiftPackageReference "Action" */,
				9880C5F7297E332E00CD5404 /* XCRemoteSwiftPackageReference "NSObject-Rx" */,
			);
			productRefGroup = 9880C598297BD68A00CD5404 /* Products */;
			projectDirPath = "";
			projectRoot = "";
			targets = (
				9880C596297BD68A00CD5404 /* Netflix Clone */,
			);
		};
/* End PBXProject section */

/* Begin PBXResourcesBuildPhase section */
		9880C595297BD68A00CD5404 /* Resources */ = {
			isa = PBXResourcesBuildPhase;
			buildActionMask = 2147483647;
			files = (
				9880C5A7297BD68B00CD5404 /* LaunchScreen.storyboard in Resources */,
				9880C5A4297BD68B00CD5404 /* Assets.xcassets in Resources */,
			);
			runOnlyForDeploymentPostprocessing = 0;
		};
/* End PBXResourcesBuildPhase section */

/* Begin PBXSourcesBuildPhase section */
		9880C593297BD68A00CD5404 /* Sources */ = {
			isa = PBXSourcesBuildPhase;
			buildActionMask = 2147483647;
			files = (
				9880C602297ED4A100CD5404 /* MovieViewModel.swift in Sources */,
				9880C61A297FE99100CD5404 /* SceneTransitionType.swift in Sources */,
				9880C600297E368200CD5404 /* BindableType.swift in Sources */,
				9880C5B4297BD95900CD5404 /* SearchViewController.swift in Sources */,
				9880C5C9297D806A00CD5404 /* TitleCollectionViewCell.swift in Sources */,
				9880C59F297BD68A00CD5404 /* MainTabBarViewController.swift in Sources */,
				9880C5BD297CD49800CD5404 /* CollectionViewTableViewCell.swift in Sources */,
				9880C5FC297E350500CD5404 /* TrendingMovieService.swift in Sources */,
				9880C6202981138A00CD5404 /* MovieTableViewrHeaderView.swift in Sources */,
				9880C5BF297D0C4A00CD5404 /* HeroHeaderUIView.swift in Sources */,
				9880C5B6297BD98000CD5404 /* DownloadsViewController.swift in Sources */,
				9880C5FE297E354900CD5404 /* TrendingMovieServiceType.swift in Sources */,
				9880C61C297FEA9400CD5404 /* SceneCoordinator.swift in Sources */,
				9880C616297FE31900CD5404 /* Scene.swift in Sources */,
				9880C618297FE90100CD5404 /* SceneCoordinatorType.swift in Sources */,
				9880C59B297BD68A00CD5404 /* AppDelegate.swift in Sources */,
				9880C5C5297D592500CD5404 /* Extensions.swift in Sources */,
				9880C59D297BD68A00CD5404 /* SceneDelegate.swift in Sources */,
				9880C5B2297BD92200CD5404 /* UpcomingViewController.swift in Sources */,
				9880C5C3297D486D00CD5404 /* Title.swift in Sources */,
				9880C5B0297BD8EC00CD5404 /* MovieViewController.swift in Sources */,
			);
			runOnlyForDeploymentPostprocessing = 0;
		};
/* End PBXSourcesBuildPhase section */

/* Begin PBXVariantGroup section */
		9880C5A5297BD68B00CD5404 /* LaunchScreen.storyboard */ = {
			isa = PBXVariantGroup;
			children = (
				9880C5A6297BD68B00CD5404 /* Base */,
			);
			name = LaunchScreen.storyboard;
			sourceTree = "<group>";
		};
/* End PBXVariantGroup section */

/* Begin XCBuildConfiguration section */
		9880C5A9297BD68B00CD5404 /* Debug */ = {
			isa = XCBuildConfiguration;
			buildSettings = {
				ALWAYS_SEARCH_USER_PATHS = NO;
				CLANG_ANALYZER_NONNULL = YES;
				CLANG_ANALYZER_NUMBER_OBJECT_CONVERSION = YES_AGGRESSIVE;
				CLANG_CXX_LANGUAGE_STANDARD = "gnu++20";
				CLANG_ENABLE_MODULES = YES;
				CLANG_ENABLE_OBJC_ARC = YES;
				CLANG_ENABLE_OBJC_WEAK = YES;
				CLANG_WARN_BLOCK_CAPTURE_AUTORELEASING = YES;
				CLANG_WARN_BOOL_CONVERSION = YES;
				CLANG_WARN_COMMA = YES;
				CLANG_WARN_CONSTANT_CONVERSION = YES;
				CLANG_WARN_DEPRECATED_OBJC_IMPLEMENTATIONS = YES;
				CLANG_WARN_DIRECT_OBJC_ISA_USAGE = YES_ERROR;
				CLANG_WARN_DOCUMENTATION_COMMENTS = YES;
				CLANG_WARN_EMPTY_BODY = YES;
				CLANG_WARN_ENUM_CONVERSION = YES;
				CLANG_WARN_INFINITE_RECURSION = YES;
				CLANG_WARN_INT_CONVERSION = YES;
				CLANG_WARN_NON_LITERAL_NULL_CONVERSION = YES;
				CLANG_WARN_OBJC_IMPLICIT_RETAIN_SELF = YES;
				CLANG_WARN_OBJC_LITERAL_CONVERSION = YES;
				CLANG_WARN_OBJC_ROOT_CLASS = YES_ERROR;
				CLANG_WARN_QUOTED_INCLUDE_IN_FRAMEWORK_HEADER = YES;
				CLANG_WARN_RANGE_LOOP_ANALYSIS = YES;
				CLANG_WARN_STRICT_PROTOTYPES = YES;
				CLANG_WARN_SUSPICIOUS_MOVE = YES;
				CLANG_WARN_UNGUARDED_AVAILABILITY = YES_AGGRESSIVE;
				CLANG_WARN_UNREACHABLE_CODE = YES;
				CLANG_WARN__DUPLICATE_METHOD_MATCH = YES;
				COPY_PHASE_STRIP = NO;
				DEBUG_INFORMATION_FORMAT = dwarf;
				ENABLE_STRICT_OBJC_MSGSEND = YES;
				ENABLE_TESTABILITY = YES;
				GCC_C_LANGUAGE_STANDARD = gnu11;
				GCC_DYNAMIC_NO_PIC = NO;
				GCC_NO_COMMON_BLOCKS = YES;
				GCC_OPTIMIZATION_LEVEL = 0;
				GCC_PREPROCESSOR_DEFINITIONS = (
					"DEBUG=1",
					"$(inherited)",
				);
				GCC_WARN_64_TO_32_BIT_CONVERSION = YES;
				GCC_WARN_ABOUT_RETURN_TYPE = YES_ERROR;
				GCC_WARN_UNDECLARED_SELECTOR = YES;
				GCC_WARN_UNINITIALIZED_AUTOS = YES_AGGRESSIVE;
				GCC_WARN_UNUSED_FUNCTION = YES;
				GCC_WARN_UNUSED_VARIABLE = YES;
				IPHONEOS_DEPLOYMENT_TARGET = 16.1;
				MTL_ENABLE_DEBUG_INFO = INCLUDE_SOURCE;
				MTL_FAST_MATH = YES;
				ONLY_ACTIVE_ARCH = YES;
				SDKROOT = iphoneos;
				SWIFT_ACTIVE_COMPILATION_CONDITIONS = DEBUG;
				SWIFT_OPTIMIZATION_LEVEL = "-Onone";
			};
			name = Debug;
		};
		9880C5AA297BD68B00CD5404 /* Release */ = {
			isa = XCBuildConfiguration;
			buildSettings = {
				ALWAYS_SEARCH_USER_PATHS = NO;
				CLANG_ANALYZER_NONNULL = YES;
				CLANG_ANALYZER_NUMBER_OBJECT_CONVERSION = YES_AGGRESSIVE;
				CLANG_CXX_LANGUAGE_STANDARD = "gnu++20";
				CLANG_ENABLE_MODULES = YES;
				CLANG_ENABLE_OBJC_ARC = YES;
				CLANG_ENABLE_OBJC_WEAK = YES;
				CLANG_WARN_BLOCK_CAPTURE_AUTORELEASING = YES;
				CLANG_WARN_BOOL_CONVERSION = YES;
				CLANG_WARN_COMMA = YES;
				CLANG_WARN_CONSTANT_CONVERSION = YES;
				CLANG_WARN_DEPRECATED_OBJC_IMPLEMENTATIONS = YES;
				CLANG_WARN_DIRECT_OBJC_ISA_USAGE = YES_ERROR;
				CLANG_WARN_DOCUMENTATION_COMMENTS = YES;
				CLANG_WARN_EMPTY_BODY = YES;
				CLANG_WARN_ENUM_CONVERSION = YES;
				CLANG_WARN_INFINITE_RECURSION = YES;
				CLANG_WARN_INT_CONVERSION = YES;
				CLANG_WARN_NON_LITERAL_NULL_CONVERSION = YES;
				CLANG_WARN_OBJC_IMPLICIT_RETAIN_SELF = YES;
				CLANG_WARN_OBJC_LITERAL_CONVERSION = YES;
				CLANG_WARN_OBJC_ROOT_CLASS = YES_ERROR;
				CLANG_WARN_QUOTED_INCLUDE_IN_FRAMEWORK_HEADER = YES;
				CLANG_WARN_RANGE_LOOP_ANALYSIS = YES;
				CLANG_WARN_STRICT_PROTOTYPES = YES;
				CLANG_WARN_SUSPICIOUS_MOVE = YES;
				CLANG_WARN_UNGUARDED_AVAILABILITY = YES_AGGRESSIVE;
				CLANG_WARN_UNREACHABLE_CODE = YES;
				CLANG_WARN__DUPLICATE_METHOD_MATCH = YES;
				COPY_PHASE_STRIP = NO;
				DEBUG_INFORMATION_FORMAT = "dwarf-with-dsym";
				ENABLE_NS_ASSERTIONS = NO;
				ENABLE_STRICT_OBJC_MSGSEND = YES;
				GCC_C_LANGUAGE_STANDARD = gnu11;
				GCC_NO_COMMON_BLOCKS = YES;
				GCC_WARN_64_TO_32_BIT_CONVERSION = YES;
				GCC_WARN_ABOUT_RETURN_TYPE = YES_ERROR;
				GCC_WARN_UNDECLARED_SELECTOR = YES;
				GCC_WARN_UNINITIALIZED_AUTOS = YES_AGGRESSIVE;
				GCC_WARN_UNUSED_FUNCTION = YES;
				GCC_WARN_UNUSED_VARIABLE = YES;
				IPHONEOS_DEPLOYMENT_TARGET = 16.1;
				MTL_ENABLE_DEBUG_INFO = NO;
				MTL_FAST_MATH = YES;
				SDKROOT = iphoneos;
				SWIFT_COMPILATION_MODE = wholemodule;
				SWIFT_OPTIMIZATION_LEVEL = "-O";
				VALIDATE_PRODUCT = YES;
			};
			name = Release;
		};
		9880C5AC297BD68B00CD5404 /* Debug */ = {
			isa = XCBuildConfiguration;
			buildSettings = {
				ASSETCATALOG_COMPILER_APPICON_NAME = AppIcon;
				ASSETCATALOG_COMPILER_GLOBAL_ACCENT_COLOR_NAME = AccentColor;
				CODE_SIGN_STYLE = Automatic;
				CURRENT_PROJECT_VERSION = 1;
				DEVELOPMENT_TEAM = 4MPK4V365N;
				GENERATE_INFOPLIST_FILE = YES;
				INFOPLIST_FILE = "Netflix Clone/Info.plist";
				INFOPLIST_KEY_UIApplicationSupportsIndirectInputEvents = YES;
				INFOPLIST_KEY_UILaunchStoryboardName = LaunchScreen;
				INFOPLIST_KEY_UISupportedInterfaceOrientations_iPad = "UIInterfaceOrientationPortrait UIInterfaceOrientationPortraitUpsideDown UIInterfaceOrientationLandscapeLeft UIInterfaceOrientationLandscapeRight";
				INFOPLIST_KEY_UISupportedInterfaceOrientations_iPhone = "UIInterfaceOrientationPortrait UIInterfaceOrientationLandscapeLeft UIInterfaceOrientationLandscapeRight";
				IPHONEOS_DEPLOYMENT_TARGET = 14.0;
				LD_RUNPATH_SEARCH_PATHS = (
					"$(inherited)",
					"@executable_path/Frameworks",
				);
				MARKETING_VERSION = 1.0;
				PRODUCT_BUNDLE_IDENTIFIER = "com.humble.Netflix-Clone";
				PRODUCT_NAME = "$(TARGET_NAME)";
				SWIFT_EMIT_LOC_STRINGS = YES;
				SWIFT_VERSION = 5.0;
				TARGETED_DEVICE_FAMILY = "1,2";
			};
			name = Debug;
		};
		9880C5AD297BD68B00CD5404 /* Release */ = {
			isa = XCBuildConfiguration;
			buildSettings = {
				ASSETCATALOG_COMPILER_APPICON_NAME = AppIcon;
				ASSETCATALOG_COMPILER_GLOBAL_ACCENT_COLOR_NAME = AccentColor;
				CODE_SIGN_STYLE = Automatic;
				CURRENT_PROJECT_VERSION = 1;
				DEVELOPMENT_TEAM = 4MPK4V365N;
				GENERATE_INFOPLIST_FILE = YES;
				INFOPLIST_FILE = "Netflix Clone/Info.plist";
				INFOPLIST_KEY_UIApplicationSupportsIndirectInputEvents = YES;
				INFOPLIST_KEY_UILaunchStoryboardName = LaunchScreen;
				INFOPLIST_KEY_UISupportedInterfaceOrientations_iPad = "UIInterfaceOrientationPortrait UIInterfaceOrientationPortraitUpsideDown UIInterfaceOrientationLandscapeLeft UIInterfaceOrientationLandscapeRight";
				INFOPLIST_KEY_UISupportedInterfaceOrientations_iPhone = "UIInterfaceOrientationPortrait UIInterfaceOrientationLandscapeLeft UIInterfaceOrientationLandscapeRight";
				IPHONEOS_DEPLOYMENT_TARGET = 14.0;
				LD_RUNPATH_SEARCH_PATHS = (
					"$(inherited)",
					"@executable_path/Frameworks",
				);
				MARKETING_VERSION = 1.0;
				PRODUCT_BUNDLE_IDENTIFIER = "com.humble.Netflix-Clone";
				PRODUCT_NAME = "$(TARGET_NAME)";
				SWIFT_EMIT_LOC_STRINGS = YES;
				SWIFT_VERSION = 5.0;
				TARGETED_DEVICE_FAMILY = "1,2";
			};
			name = Release;
		};
/* End XCBuildConfiguration section */

/* Begin XCConfigurationList section */
		9880C592297BD68A00CD5404 /* Build configuration list for PBXProject "Netflix Clone" */ = {
			isa = XCConfigurationList;
			buildConfigurations = (
				9880C5A9297BD68B00CD5404 /* Debug */,
				9880C5AA297BD68B00CD5404 /* Release */,
			);
			defaultConfigurationIsVisible = 0;
			defaultConfigurationName = Release;
		};
		9880C5AB297BD68B00CD5404 /* Build configuration list for PBXNativeTarget "Netflix Clone" */ = {
			isa = XCConfigurationList;
			buildConfigurations = (
				9880C5AC297BD68B00CD5404 /* Debug */,
				9880C5AD297BD68B00CD5404 /* Release */,
			);
			defaultConfigurationIsVisible = 0;
			defaultConfigurationName = Release;
		};
/* End XCConfigurationList section */

/* Begin XCRemoteSwiftPackageReference section */
		9880C5CA297D81B900CD5404 /* XCRemoteSwiftPackageReference "SDWebImage" */ = {
			isa = XCRemoteSwiftPackageReference;
			repositoryURL = "https://github.com/SDWebImage/SDWebImage.git";
			requirement = {
				branch = master;
				kind = branch;
			};
		};
		9880C5E6297E326C00CD5404 /* XCRemoteSwiftPackageReference "RxSwift" */ = {
			isa = XCRemoteSwiftPackageReference;
			repositoryURL = "https://github.com/ReactiveX/RxSwift.git";
			requirement = {
				kind = exactVersion;
				version = 5.1.1;
			};
		};
		9880C5EF297E329900CD5404 /* XCRemoteSwiftPackageReference "RxDataSources" */ = {
			isa = XCRemoteSwiftPackageReference;
			repositoryURL = "https://github.com/RxSwiftCommunity/RxDataSources.git";
			requirement = {
				kind = versionRange;
				maximumVersion = 5.0.0;
				minimumVersion = 4.0.0;
			};
		};
		9880C5F4297E32D700CD5404 /* XCRemoteSwiftPackageReference "Action" */ = {
			isa = XCRemoteSwiftPackageReference;
			repositoryURL = "https://github.com/RxSwiftCommunity/Action.git";
			requirement = {
				kind = versionRange;
				maximumVersion = 5.0.0;
				minimumVersion = 4.0.0;
			};
		};
		9880C5F7297E332E00CD5404 /* XCRemoteSwiftPackageReference "NSObject-Rx" */ = {
			isa = XCRemoteSwiftPackageReference;
			repositoryURL = "https://github.com/RxSwiftCommunity/NSObject-Rx.git";
			requirement = {
				kind = versionRange;
				maximumVersion = 6.0.0;
				minimumVersion = 5.1.0;
			};
		};
/* End XCRemoteSwiftPackageReference section */

/* Begin XCSwiftPackageProductDependency section */
		9880C5CB297D81B900CD5404 /* SDWebImage */ = {
			isa = XCSwiftPackageProductDependency;
			package = 9880C5CA297D81B900CD5404 /* XCRemoteSwiftPackageReference "SDWebImage" */;
			productName = SDWebImage;
		};
		9880C5CD297D81B900CD5404 /* SDWebImageMapKit */ = {
			isa = XCSwiftPackageProductDependency;
			package = 9880C5CA297D81B900CD5404 /* XCRemoteSwiftPackageReference "SDWebImage" */;
			productName = SDWebImageMapKit;
		};
		9880C5E7297E326C00CD5404 /* RxBlocking */ = {
			isa = XCSwiftPackageProductDependency;
			package = 9880C5E6297E326C00CD5404 /* XCRemoteSwiftPackageReference "RxSwift" */;
			productName = RxBlocking;
		};
		9880C5E9297E326C00CD5404 /* RxCocoa */ = {
			isa = XCSwiftPackageProductDependency;
			package = 9880C5E6297E326C00CD5404 /* XCRemoteSwiftPackageReference "RxSwift" */;
			productName = RxCocoa;
		};
		9880C5EB297E326C00CD5404 /* RxRelay */ = {
			isa = XCSwiftPackageProductDependency;
			package = 9880C5E6297E326C00CD5404 /* XCRemoteSwiftPackageReference "RxSwift" */;
			productName = RxRelay;
		};
		9880C5ED297E326C00CD5404 /* RxSwift */ = {
			isa = XCSwiftPackageProductDependency;
			package = 9880C5E6297E326C00CD5404 /* XCRemoteSwiftPackageReference "RxSwift" */;
			productName = RxSwift;
		};
		9880C5F0297E329900CD5404 /* Differentiator */ = {
			isa = XCSwiftPackageProductDependency;
			package = 9880C5EF297E329900CD5404 /* XCRemoteSwiftPackageReference "RxDataSources" */;
			productName = Differentiator;
		};
		9880C5F2297E329900CD5404 /* RxDataSources */ = {
			isa = XCSwiftPackageProductDependency;
			package = 9880C5EF297E329900CD5404 /* XCRemoteSwiftPackageReference "RxDataSources" */;
			productName = RxDataSources;
		};
		9880C5F5297E32D700CD5404 /* Action */ = {
			isa = XCSwiftPackageProductDependency;
			package = 9880C5F4297E32D700CD5404 /* XCRemoteSwiftPackageReference "Action" */;
			productName = Action;
		};
		9880C5F8297E332E00CD5404 /* NSObject-Rx */ = {
			isa = XCSwiftPackageProductDependency;
			package = 9880C5F7297E332E00CD5404 /* XCRemoteSwiftPackageReference "NSObject-Rx" */;
			productName = "NSObject-Rx";
		};
/* End XCSwiftPackageProductDependency section */
	};
	rootObject = 9880C58F297BD68A00CD5404 /* Project object */;
}
